
Microsoft Visual Studio Solution File, Format Version 12.00
# Visual Studio Version 16
VisualStudioVersion = 16.0.32602.291
MinimumVisualStudioVersion = 10.0.40219.1
Project("{FAE04EC0-301F-11D3-BF4B-00C04F79EFBC}") = "webapicrud", "webapicrud.csproj", "{05593754-EB76-4122-AFC9-E58CEF588205}"
EndProject
Global
	GlobalSection(SolutionConfigurationPlatforms) = preSolution
		Debug|Any CPU = Debug|Any CPU
		Release|Any CPU = Release|Any CPU
	EndGlobalSection
	GlobalSection(ProjectConfigurationPlatforms) = postSolution
		{05593754-EB76-4122-AFC9-E58CEF588205}.Debug|Any CPU.ActiveCfg = Debug|Any CPU
		{05593754-EB76-4122-AFC9-E58CEF588205}.Debug|Any CPU.Build.0 = Debug|Any CPU
		{05593754-EB76-4122-AFC9-E58CEF588205}.Release|Any CPU.ActiveCfg = Release|Any CPU
		{05593754-EB76-4122-AFC9-E58CEF588205}.Release|Any CPU.Build.0 = Release|Any CPU
	EndGlobalSection
	GlobalSection(SolutionProperties) = preSolution
		HideSolutionNode = FALSE
	EndGlobalSection
	GlobalSection(ExtensibilityGlobals) = postSolution
		SolutionGuid = {BFCD6005-7274-45C0-9511-82D54D8B0ACF}
	EndGlobalSection
EndGlobal
